lockfileVersion: '6.0'

settings:
  autoInstallPeers: true
  excludeLinksFromLockfile: false

dependencies:
  js-coi:
    specifier: ^1.0.0
    version: 1.0.4

packages:

  /js-coi@1.0.4:
    resolution: {integrity: sha512-nlpsQgTXFkxCWB08/6i9x3XN4r3/9MpYDMq0r36AV5Is+cqvFRar0JsL9bybvFNN7GWRG27j9iQrl29dBB9l1Q==}
    dev: false
